{
  "name": "v0-0-5",
  "version": "1.0.0",
  "lockfileVersion": 1,
  "requires": true,
  "dependencies": {
    "artofmo": {
      "version": "0.0.5",
      "resolved": "https://registry.npmjs.org/artofmo/-/artofmo-0.0.5.tgz",
      "integrity": "sha512-nUehLR0nISloJSSENjiTiklWsCK4r6c0UaUCso+974KIsIyIORj89Mk0wWnvO4P3Nck/8MvLuo+FgSPJU3MRBg==",
      "requires": {
        "lodash": "^4.17.11"
      }
    },
    "lodash": {
      "version": "4.17.21",
      "resolved": "https://registry.npmjs.org/lodash/-/lodash-4.17.21.tgz",
      "integrity": "sha512-v2kDEe57lecTulaDIuNTPy3Ry4gLGJ6Z1O3vE1krgXZNrsQ+LFTGHVxVjcXPs17LhbZVGedAJv8XZ1tvj5FvSg=="
    }
  }
}
